// !$*UTF8*$!
{
	archiveVersion = 1;
	classes = {
	};
	objectVersion = 52;
	objects = {

/* Begin PBXBuildFile section */
		0D013CC022E4D2B20047B24E /* extensions.swift in Sources */ = {isa = PBXBuildFile; fileRef = 0D013CBF22E4D2B20047B24E /* extensions.swift */; };
		0D013CC222E4D3100047B24E /* DetailView.swift in Sources */ = {isa = PBXBuildFile; fileRef = 0D013CC122E4D3100047B24E /* DetailView.swift */; };
		0D013CC422E4DE410047B24E /* DummyCoindeskAPI.swift in Sources */ = {isa = PBXBuildFile; fileRef = 0D013CC322E4DE410047B24E /* DummyCoindeskAPI.swift */; };
		0D013CC622E4DE5D0047B24E /* CoindeskModels.swift in Sources */ = {isa = PBXBuildFile; fileRef = 0D013CC522E4DE5D0047B24E /* CoindeskModels.swift */; };
		0D013CC822E4E4290047B24E /* HasDummyJSONData.swift in Sources */ = {isa = PBXBuildFile; fileRef = 0D013CC722E4E4290047B24E /* HasDummyJSONData.swift */; };
		0D21390B22E418670026388B /* RefreshableValue.swift in Sources */ = {isa = PBXBuildFile; fileRef = 0D21390A22E418670026388B /* RefreshableValue.swift */; };
		0D42079822DE47730010A53B /* AppDelegate.swift in Sources */ = {isa = PBXBuildFile; fileRef = 0D42079722DE47730010A53B /* AppDelegate.swift */; };
		0D42079A22DE47730010A53B /* SceneDelegate.swift in Sources */ = {isa = PBXBuildFile; fileRef = 0D42079922DE47730010A53B /* SceneDelegate.swift */; };
		0D42079C22DE47730010A53B /* PriceList.swift in Sources */ = {isa = PBXBuildFile; fileRef = 0D42079B22DE47730010A53B /* PriceList.swift */; };
		0D42079E22DE47770010A53B /* Assets.xcassets in Resources */ = {isa = PBXBuildFile; fileRef = 0D42079D22DE47770010A53B /* Assets.xcassets */; };
		0D4207A122DE47770010A53B /* Preview Assets.xcassets in Resources */ = {isa = PBXBuildFile; fileRef = 0D4207A022DE47770010A53B /* Preview Assets.xcassets */; };
		0D4207A422DE47770010A53B /* LaunchScreen.storyboard in Resources */ = {isa = PBXBuildFile; fileRef = 0D4207A222DE47770010A53B /* LaunchScreen.storyboard */; };
		0D4207BA22DE47770010A53B /* YacpaUITests.swift in Sources */ = {isa = PBXBuildFile; fileRef = 0D4207B922DE47770010A53B /* YacpaUITests.swift */; };
		0D4207C922DE48EE0010A53B /* Quick in Frameworks */ = {isa = PBXBuildFile; productRef = 0D4207C822DE48EE0010A53B /* Quick */; };
		0DBABFDE22E12E9A0024BB6C /* CoindeskAPI.swift in Sources */ = {isa = PBXBuildFile; fileRef = 0DBABFDD22E12E9A0024BB6C /* CoindeskAPI.swift */; };
		0DBABFE222E137600024BB6C /* Coindesk.swift in Sources */ = {isa = PBXBuildFile; fileRef = 0DBABFE122E137600024BB6C /* Coindesk.swift */; };
		0DBABFE522E138420024BB6C /* Nimble in Frameworks */ = {isa = PBXBuildFile; productRef = 0DBABFE422E138420024BB6C /* Nimble */; };
		0DBABFEA22E27F370024BB6C /* CurrentPrices.swift in Sources */ = {isa = PBXBuildFile; fileRef = 0DBABFE922E27F370024BB6C /* CurrentPrices.swift */; };
/* End PBXBuildFile section */

/* Begin PBXContainerItemProxy section */
		0D4207AB22DE47770010A53B /* PBXContainerItemProxy */ = {
			isa = PBXContainerItemProxy;
			containerPortal = 0D42078C22DE47730010A53B /* Project object */;
			proxyType = 1;
			remoteGlobalIDString = 0D42079322DE47730010A53B;
			remoteInfo = yacpa;
		};
		0D4207B622DE47770010A53B /* PBXContainerItemProxy */ = {
			isa = PBXContainerItemProxy;
			containerPortal = 0D42078C22DE47730010A53B /* Project object */;
			proxyType = 1;
			remoteGlobalIDString = 0D42079322DE47730010A53B;
			remoteInfo = yacpa;
		};
/* End PBXContainerItemProxy section */

/* Begin PBXFileReference section */
		0D013CBF22E4D2B20047B24E /* extensions.swift */ = {isa = PBXFileReference; lastKnownFileType = sourcecode.swift; name = extensions.swift; path = ../../../../../../../System/Volumes/Data/Users/michaelgray/Workspaces/n26/yacpa/yacpa/Utils/extensions.swift; sourceTree = "<group>"; };
		0D013CC122E4D3100047B24E /* DetailView.swift */ = {isa = PBXFileReference; lastKnownFileType = sourcecode.swift; name = DetailView.swift; path = ../../../../../../../System/Volumes/Data/Users/michaelgray/Workspaces/n26/yacpa/yacpa/Views/DetailView.swift; sourceTree = "<group>"; };
		0D013CC322E4DE410047B24E /* DummyCoindeskAPI.swift */ = {isa = PBXFileReference; lastKnownFileType = sourcecode.swift; name = DummyCoindeskAPI.swift; path = ../../../../../../../System/Volumes/Data/Users/michaelgray/Workspaces/n26/yacpa/yacpa/Coindesk/DummyCoindeskAPI.swift; sourceTree = "<group>"; };
		0D013CC522E4DE5D0047B24E /* CoindeskModels.swift */ = {isa = PBXFileReference; lastKnownFileType = sourcecode.swift; name = CoindeskModels.swift; path = ../../../../../../../System/Volumes/Data/Users/michaelgray/Workspaces/n26/yacpa/yacpa/Coindesk/CoindeskModels.swift; sourceTree = "<group>"; };
		0D013CC722E4E4290047B24E /* HasDummyJSONData.swift */ = {isa = PBXFileReference; lastKnownFileType = sourcecode.swift; name = HasDummyJSONData.swift; path = ../../../../../../../System/Volumes/Data/Users/michaelgray/Workspaces/n26/yacpa/yacpa/Utils/HasDummyJSONData.swift; sourceTree = "<group>"; };
		0D21390A22E418670026388B /* RefreshableValue.swift */ = {isa = PBXFileReference; lastKnownFileType = sourcecode.swift; name = RefreshableValue.swift; path = ../../../../../../../System/Volumes/Data/Users/michaelgray/Workspaces/n26/yacpa/yacpa/Model/RefreshableValue.swift; sourceTree = "<group>"; };
		0D42079422DE47730010A53B /* yacpa.app */ = {isa = PBXFileReference; explicitFileType = wrapper.application; includeInIndex = 0; path = yacpa.app; sourceTree = BUILT_PRODUCTS_DIR; };
		0D42079722DE47730010A53B /* AppDelegate.swift */ = {isa = PBXFileReference; lastKnownFileType = sourcecode.swift; path = AppDelegate.swift; sourceTree = "<group>"; };
		0D42079922DE47730010A53B /* SceneDelegate.swift */ = {isa = PBXFileReference; lastKnownFileType = sourcecode.swift; path = SceneDelegate.swift; sourceTree = "<group>"; };
		0D42079B22DE47730010A53B /* PriceList.swift */ = {isa = PBXFileReference; lastKnownFileType = sourcecode.swift; path = PriceList.swift; sourceTree = "<group>"; };
		0D42079D22DE47770010A53B /* Assets.xcassets */ = {isa = PBXFileReference; lastKnownFileType = folder.assetcatalog; path = Assets.xcassets; sourceTree = "<group>"; };
		0D4207A022DE47770010A53B /* Preview Assets.xcassets */ = {isa = PBXFileReference; lastKnownFileType = folder.assetcatalog; path = "Preview Assets.xcassets"; sourceTree = "<group>"; };
		0D4207A322DE47770010A53B /* Base */ = {isa = PBXFileReference; lastKnownFileType = file.storyboard; name = Base; path = Base.lproj/LaunchScreen.storyboard; sourceTree = "<group>"; };
		0D4207A522DE47770010A53B /* Info.plist */ = {isa = PBXFileReference; lastKnownFileType = text.plist.xml; path = Info.plist; sourceTree = "<group>"; };
		0D4207AA22DE47770010A53B /* yacpaTests.xctest */ = {isa = PBXFileReference; explicitFileType = wrapper.cfbundle; includeInIndex = 0; path = yacpaTests.xctest; sourceTree = BUILT_PRODUCTS_DIR; };
		0D4207B022DE47770010A53B /* Info.plist */ = {isa = PBXFileReference; lastKnownFileType = text.plist.xml; path = Info.plist; sourceTree = "<group>"; };
		0D4207B522DE47770010A53B /* yacpaUITests.xctest */ = {isa = PBXFileReference; explicitFileType = wrapper.cfbundle; includeInIndex = 0; path = yacpaUITests.xctest; sourceTree = BUILT_PRODUCTS_DIR; };
		0D4207B922DE47770010A53B /* YacpaUITests.swift */ = {isa = PBXFileReference; lastKnownFileType = sourcecode.swift; path = YacpaUITests.swift; sourceTree = "<group>"; };
		0D4207BB22DE47770010A53B /* Info.plist */ = {isa = PBXFileReference; lastKnownFileType = text.plist.xml; path = Info.plist; sourceTree = "<group>"; };
		0DBABFD722E125BA0024BB6C /* README.md */ = {isa = PBXFileReference; lastKnownFileType = net.daringfireball.markdown; name = README.md; path = ../../../../../../System/Volumes/Data/Users/michaelgray/Workspaces/n26/yacpa/yacpa/README.md; sourceTree = "<group>"; };
		0DBABFD822E127D60024BB6C /* yacpa.entitlements */ = {isa = PBXFileReference; lastKnownFileType = text.plist.entitlements; path = yacpa.entitlements; sourceTree = "<group>"; };
		0DBABFDD22E12E9A0024BB6C /* CoindeskAPI.swift */ = {isa = PBXFileReference; lastKnownFileType = sourcecode.swift; name = CoindeskAPI.swift; path = ../../../../../../../System/Volumes/Data/Users/michaelgray/Workspaces/n26/yacpa/yacpa/Coindesk/CoindeskAPI.swift; sourceTree = "<group>"; };
		0DBABFE122E137600024BB6C /* Coindesk.swift */ = {isa = PBXFileReference; lastKnownFileType = sourcecode.swift; name = Coindesk.swift; path = ../../../../../../System/Volumes/Data/Users/michaelgray/Workspaces/n26/yacpa/yacpaTests/Coindesk.swift; sourceTree = "<group>"; };
		0DBABFE922E27F370024BB6C /* CurrentPrices.swift */ = {isa = PBXFileReference; lastKnownFileType = sourcecode.swift; name = CurrentPrices.swift; path = ../../../../../../../System/Volumes/Data/Users/michaelgray/Workspaces/n26/yacpa/yacpa/Model/CurrentPrices.swift; sourceTree = "<group>"; };
/* End PBXFileReference section */

/* Begin PBXFrameworksBuildPhase section */
		0D42079122DE47730010A53B /* Frameworks */ = {
			isa = PBXFrameworksBuildPhase;
			buildActionMask = 2147483647;
			files = (
			);
			runOnlyForDeploymentPostprocessing = 0;
		};
		0D4207A722DE47770010A53B /* Frameworks */ = {
			isa = PBXFrameworksBuildPhase;
			buildActionMask = 2147483647;
			files = (
				0D4207C922DE48EE0010A53B /* Quick in Frameworks */,
				0DBABFE522E138420024BB6C /* Nimble in Frameworks */,
			);
			runOnlyForDeploymentPostprocessing = 0;
		};
		0D4207B222DE47770010A53B /* Frameworks */ = {
			isa = PBXFrameworksBuildPhase;
			buildActionMask = 2147483647;
			files = (
			);
			runOnlyForDeploymentPostprocessing = 0;
		};
/* End PBXFrameworksBuildPhase section */

/* Begin PBXGroup section */
		0D013CBD22E4D22A0047B24E /* Views */ = {
			isa = PBXGroup;
			children = (
				0D42079B22DE47730010A53B /* PriceList.swift */,
				0D013CC122E4D3100047B24E /* DetailView.swift */,
			);
			path = Views;
			sourceTree = "<group>";
		};
		0D013CBE22E4D27C0047B24E /* Utils */ = {
			isa = PBXGroup;
			children = (
				0D013CBF22E4D2B20047B24E /* extensions.swift */,
				0D013CC722E4E4290047B24E /* HasDummyJSONData.swift */,
			);
			path = Utils;
			sourceTree = "<group>";
		};
		0D42078B22DE47730010A53B = {
			isa = PBXGroup;
			children = (
				0D42079622DE47730010A53B /* yacpa */,
				0D4207AD22DE47770010A53B /* yacpaTests */,
				0D4207B822DE47770010A53B /* yacpaUITests */,
				0D42079522DE47730010A53B /* Products */,
			);
			sourceTree = "<group>";
		};
		0D42079522DE47730010A53B /* Products */ = {
			isa = PBXGroup;
			children = (
				0D42079422DE47730010A53B /* yacpa.app */,
				0D4207AA22DE47770010A53B /* yacpaTests.xctest */,
				0D4207B522DE47770010A53B /* yacpaUITests.xctest */,
			);
			name = Products;
			sourceTree = "<group>";
		};
		0D42079622DE47730010A53B /* yacpa */ = {
			isa = PBXGroup;
			children = (
				0D013CBE22E4D27C0047B24E /* Utils */,
				0D013CBD22E4D22A0047B24E /* Views */,
				0DBABFE622E27E6B0024BB6C /* Model */,
				0DBABFD922E12C440024BB6C /* Coindesk */,
				0DBABFD822E127D60024BB6C /* yacpa.entitlements */,
				0D42079722DE47730010A53B /* AppDelegate.swift */,
				0D42079922DE47730010A53B /* SceneDelegate.swift */,
				0D42079D22DE47770010A53B /* Assets.xcassets */,
				0D4207A222DE47770010A53B /* LaunchScreen.storyboard */,
				0D4207A522DE47770010A53B /* Info.plist */,
				0D42079F22DE47770010A53B /* Preview Content */,
				0DBABFD722E125BA0024BB6C /* README.md */,
			);
			path = yacpa;
			sourceTree = "<group>";
		};
		0D42079F22DE47770010A53B /* Preview Content */ = {
			isa = PBXGroup;
			children = (
				0D4207A022DE47770010A53B /* Preview Assets.xcassets */,
			);
			path = "Preview Content";
			sourceTree = "<group>";
		};
		0D4207AD22DE47770010A53B /* yacpaTests */ = {
			isa = PBXGroup;
			children = (
				0D4207B022DE47770010A53B /* Info.plist */,
				0DBABFE122E137600024BB6C /* Coindesk.swift */,
			);
			path = yacpaTests;
			sourceTree = "<group>";
		};
		0D4207B822DE47770010A53B /* yacpaUITests */ = {
			isa = PBXGroup;
			children = (
				0D4207B922DE47770010A53B /* YacpaUITests.swift */,
				0D4207BB22DE47770010A53B /* Info.plist */,
			);
			path = yacpaUITests;
			sourceTree = "<group>";
		};
		0DBABFD922E12C440024BB6C /* Coindesk */ = {
			isa = PBXGroup;
			children = (
				0D013CC522E4DE5D0047B24E /* CoindeskModels.swift */,
				0DBABFDD22E12E9A0024BB6C /* CoindeskAPI.swift */,
				0D013CC322E4DE410047B24E /* DummyCoindeskAPI.swift */,
			);
			path = Coindesk;
			sourceTree = "<group>";
		};
		0DBABFE622E27E6B0024BB6C /* Model */ = {
			isa = PBXGroup;
			children = (
				0DBABFE922E27F370024BB6C /* CurrentPrices.swift */,
				0D21390A22E418670026388B /* RefreshableValue.swift */,
			);
			path = Model;
			sourceTree = "<group>";
		};
/* End PBXGroup section */

/* Begin PBXNativeTarget section */
		0D42079322DE47730010A53B /* yacpa */ = {
			isa = PBXNativeTarget;
			buildConfigurationList = 0D4207BE22DE47770010A53B /* Build configuration list for PBXNativeTarget "yacpa" */;
			buildPhases = (
				0DBABFEC22E280310024BB6C /* Run swiftlint */,
				0D42079022DE47730010A53B /* Sources */,
				0D42079122DE47730010A53B /* Frameworks */,
				0D42079222DE47730010A53B /* Resources */,
			);
			buildRules = (
			);
			dependencies = (
			);
			name = yacpa;
			packageProductDependencies = (
			);
			productName = yacpa;
			productReference = 0D42079422DE47730010A53B /* yacpa.app */;
			productType = "com.apple.product-type.application";
		};
		0D4207A922DE47770010A53B /* yacpaTests */ = {
			isa = PBXNativeTarget;
			buildConfigurationList = 0D4207C122DE47770010A53B /* Build configuration list for PBXNativeTarget "yacpaTests" */;
			buildPhases = (
				0D4207A622DE47770010A53B /* Sources */,
				0D4207A722DE47770010A53B /* Frameworks */,
				0D4207A822DE47770010A53B /* Resources */,
			);
			buildRules = (
			);
			dependencies = (
				0D4207AC22DE47770010A53B /* PBXTargetDependency */,
			);
			name = yacpaTests;
			packageProductDependencies = (
				0D4207C822DE48EE0010A53B /* Quick */,
				0DBABFE422E138420024BB6C /* Nimble */,
			);
			productName = yacpaTests;
			productReference = 0D4207AA22DE47770010A53B /* yacpaTests.xctest */;
			productType = "com.apple.product-type.bundle.unit-test";
		};
		0D4207B422DE47770010A53B /* yacpaUITests */ = {
			isa = PBXNativeTarget;
			buildConfigurationList = 0D4207C422DE47770010A53B /* Build configuration list for PBXNativeTarget "yacpaUITests" */;
			buildPhases = (
				0D4207B122DE47770010A53B /* Sources */,
				0D4207B222DE47770010A53B /* Frameworks */,
				0D4207B322DE47770010A53B /* Resources */,
			);
			buildRules = (
			);
			dependencies = (
				0D4207B722DE47770010A53B /* PBXTargetDependency */,
			);
			name = yacpaUITests;
			productName = yacpaUITests;
			productReference = 0D4207B522DE47770010A53B /* yacpaUITests.xctest */;
			productType = "com.apple.product-type.bundle.ui-testing";
		};
/* End PBXNativeTarget section */

/* Begin PBXProject section */
		0D42078C22DE47730010A53B /* Project object */ = {
			isa = PBXProject;
			attributes = {
				LastSwiftUpdateCheck = 1100;
				LastUpgradeCheck = 1100;
				ORGANIZATIONNAME = "Michael Gray";
				TargetAttributes = {
					0D42079322DE47730010A53B = {
						CreatedOnToolsVersion = 11.0;
					};
					0D4207A922DE47770010A53B = {
						CreatedOnToolsVersion = 11.0;
						TestTargetID = 0D42079322DE47730010A53B;
					};
					0D4207B422DE47770010A53B = {
						CreatedOnToolsVersion = 11.0;
						TestTargetID = 0D42079322DE47730010A53B;
					};
				};
			};
			buildConfigurationList = 0D42078F22DE47730010A53B /* Build configuration list for PBXProject "yacpa" */;
			compatibilityVersion = "Xcode 9.3";
			developmentRegion = en;
			hasScannedForEncodings = 0;
			knownRegions = (
				en,
				Base,
			);
			mainGroup = 0D42078B22DE47730010A53B;
			packageReferences = (
				0D4207C722DE48ED0010A53B /* XCRemoteSwiftPackageReference "Quick" */,
				0DBABFDA22E12D6F0024BB6C /* XCRemoteSwiftPackageReference "Alamofire" */,
				0DBABFE322E138420024BB6C /* XCRemoteSwiftPackageReference "Nimble" */,
			);
			productRefGroup = 0D42079522DE47730010A53B /* Products */;
			projectDirPath = "";
			projectRoot = "";
			targets = (
				0D42079322DE47730010A53B /* yacpa */,
				0D4207A922DE47770010A53B /* yacpaTests */,
				0D4207B422DE47770010A53B /* yacpaUITests */,
			);
		};
/* End PBXProject section */

/* Begin PBXResourcesBuildPhase section */
		0D42079222DE47730010A53B /* Resources */ = {
			isa = PBXResourcesBuildPhase;
			buildActionMask = 2147483647;
			files = (
				0D4207A422DE47770010A53B /* LaunchScreen.storyboard in Resources */,
				0D4207A122DE47770010A53B /* Preview Assets.xcassets in Resources */,
				0D42079E22DE47770010A53B /* Assets.xcassets in Resources */,
			);
			runOnlyForDeploymentPostprocessing = 0;
		};
		0D4207A822DE47770010A53B /* Resources */ = {
			isa = PBXResourcesBuildPhase;
			buildActionMask = 2147483647;
			files = (
			);
			runOnlyForDeploymentPostprocessing = 0;
		};
		0D4207B322DE47770010A53B /* Resources */ = {
			isa = PBXResourcesBuildPhase;
			buildActionMask = 2147483647;
			files = (
			);
			runOnlyForDeploymentPostprocessing = 0;
		};
/* End PBXResourcesBuildPhase section */

/* Begin PBXShellScriptBuildPhase section */
		0DBABFEC22E280310024BB6C /* Run swiftlint */ = {
			isa = PBXShellScriptBuildPhase;
			buildActionMask = 2147483647;
			files = (
			);
			inputFileListPaths = (
			);
			inputPaths = (
			);
			name = "Run swiftlint";
			outputFileListPaths = (
			);
			outputPaths = (
			);
			runOnlyForDeploymentPostprocessing = 0;
			shellPath = /bin/sh;
			shellScript = "if which swiftlint >/dev/null; then\n  swiftlint autocorrect\n  swiftlint\nelse\n  echo \"error: SwiftLint not installed. try 'brew install swiftlint' or check https://github.com/realm/SwiftLint for other options. Comment out the exit 1 from this script if you really won't install swiftlint.  But I will shame you with my gloomly glare if you check things into git without swiftlint enabled\"\n  exit 1\nfi\n";
		};
/* End PBXShellScriptBuildPhase section */

/* Begin PBXSourcesBuildPhase section */
		0D42079022DE47730010A53B /* Sources */ = {
			isa = PBXSourcesBuildPhase;
			buildActionMask = 2147483647;
			files = (
				0D42079822DE47730010A53B /* AppDelegate.swift in Sources */,
				0D013CC222E4D3100047B24E /* DetailView.swift in Sources */,
				0D013CC822E4E4290047B24E /* HasDummyJSONData.swift in Sources */,
				0D42079A22DE47730010A53B /* SceneDelegate.swift in Sources */,
				0D013CC022E4D2B20047B24E /* extensions.swift in Sources */,
				0D42079C22DE47730010A53B /* PriceList.swift in Sources */,
				0D21390B22E418670026388B /* RefreshableValue.swift in Sources */,
				0DBABFEA22E27F370024BB6C /* CurrentPrices.swift in Sources */,
				0DBABFDE22E12E9A0024BB6C /* CoindeskAPI.swift in Sources */,
				0D013CC422E4DE410047B24E /* DummyCoindeskAPI.swift in Sources */,
				0D013CC622E4DE5D0047B24E /* CoindeskModels.swift in Sources */,
			);
			runOnlyForDeploymentPostprocessing = 0;
		};
		0D4207A622DE47770010A53B /* Sources */ = {
			isa = PBXSourcesBuildPhase;
			buildActionMask = 2147483647;
			files = (
				0DBABFE222E137600024BB6C /* Coindesk.swift in Sources */,
			);
			runOnlyForDeploymentPostprocessing = 0;
		};
		0D4207B122DE47770010A53B /* Sources */ = {
			isa = PBXSourcesBuildPhase;
			buildActionMask = 2147483647;
			files = (
				0D4207BA22DE47770010A53B /* YacpaUITests.swift in Sources */,
			);
			runOnlyForDeploymentPostprocessing = 0;
		};
/* End PBXSourcesBuildPhase section */

/* Begin PBXTargetDependency section */
		0D4207AC22DE47770010A53B /* PBXTargetDependency */ = {
			isa = PBXTargetDependency;
			target = 0D42079322DE47730010A53B /* yacpa */;
			targetProxy = 0D4207AB22DE47770010A53B /* PBXContainerItemProxy */;
		};
		0D4207B722DE47770010A53B /* PBXTargetDependency */ = {
			isa = PBXTargetDependency;
			target = 0D42079322DE47730010A53B /* yacpa */;
			targetProxy = 0D4207B622DE47770010A53B /* PBXContainerItemProxy */;
		};
/* End PBXTargetDependency section */

/* Begin PBXVariantGroup section */
		0D4207A222DE47770010A53B /* LaunchScreen.storyboard */ = {
			isa = PBXVariantGroup;
			children = (
				0D4207A322DE47770010A53B /* Base */,
			);
			name = LaunchScreen.storyboard;
			sourceTree = "<group>";
		};
/* End PBXVariantGroup section */

/* Begin XCBuildConfiguration section */
		0D4207BC22DE47770010A53B /* Debug */ = {
			isa = XCBuildConfiguration;
			buildSettings = {
				ALWAYS_SEARCH_USER_PATHS = NO;
				CLANG_ANALYZER_NONNULL = YES;
				CLANG_ANALYZER_NUMBER_OBJECT_CONVERSION = YES_AGGRESSIVE;
				CLANG_CXX_LANGUAGE_STANDARD = "gnu++14";
				CLANG_CXX_LIBRARY = "libc++";
				CLANG_ENABLE_MODULES = YES;
				CLANG_ENABLE_OBJC_ARC = YES;
				CLANG_ENABLE_OBJC_WEAK = YES;
				CLANG_WARN_BLOCK_CAPTURE_AUTORELEASING = YES;
				CLANG_WARN_BOOL_CONVERSION = YES;
				CLANG_WARN_COMMA = YES;
				CLANG_WARN_CONSTANT_CONVERSION = YES;
				CLANG_WARN_DEPRECATED_OBJC_IMPLEMENTATIONS = YES;
				CLANG_WARN_DIRECT_OBJC_ISA_USAGE = YES_ERROR;
				CLANG_WARN_DOCUMENTATION_COMMENTS = YES;
				CLANG_WARN_EMPTY_BODY = YES;
				CLANG_WARN_ENUM_CONVERSION = YES;
				CLANG_WARN_INFINITE_RECURSION = YES;
				CLANG_WARN_INT_CONVERSION = YES;
				CLANG_WARN_NON_LITERAL_NULL_CONVERSION = YES;
				CLANG_WARN_OBJC_IMPLICIT_RETAIN_SELF = YES;
				CLANG_WARN_OBJC_LITERAL_CONVERSION = YES;
				CLANG_WARN_OBJC_ROOT_CLASS = YES_ERROR;
				CLANG_WARN_RANGE_LOOP_ANALYSIS = YES;
				CLANG_WARN_STRICT_PROTOTYPES = YES;
				CLANG_WARN_SUSPICIOUS_MOVE = YES;
				CLANG_WARN_UNGUARDED_AVAILABILITY = YES_AGGRESSIVE;
				CLANG_WARN_UNREACHABLE_CODE = YES;
				CLANG_WARN__DUPLICATE_METHOD_MATCH = YES;
				COPY_PHASE_STRIP = NO;
				DEBUG_INFORMATION_FORMAT = dwarf;
				ENABLE_STRICT_OBJC_MSGSEND = YES;
				ENABLE_TESTABILITY = YES;
				GCC_C_LANGUAGE_STANDARD = gnu11;
				GCC_DYNAMIC_NO_PIC = NO;
				GCC_NO_COMMON_BLOCKS = YES;
				GCC_OPTIMIZATION_LEVEL = 0;
				GCC_PREPROCESSOR_DEFINITIONS = (
					"DEBUG=1",
					"$(inherited)",
				);
				GCC_WARN_64_TO_32_BIT_CONVERSION = YES;
				GCC_WARN_ABOUT_RETURN_TYPE = YES_ERROR;
				GCC_WARN_UNDECLARED_SELECTOR = YES;
				GCC_WARN_UNINITIALIZED_AUTOS = YES_AGGRESSIVE;
				GCC_WARN_UNUSED_FUNCTION = YES;
				GCC_WARN_UNUSED_VARIABLE = YES;
				IPHONEOS_DEPLOYMENT_TARGET = 13.0;
				MTL_ENABLE_DEBUG_INFO = INCLUDE_SOURCE;
				MTL_FAST_MATH = YES;
				ONLY_ACTIVE_ARCH = YES;
				SDKROOT = iphoneos;
				SWIFT_ACTIVE_COMPILATION_CONDITIONS = DEBUG;
				SWIFT_OPTIMIZATION_LEVEL = "-Onone";
			};
			name = Debug;
		};
		0D4207BD22DE47770010A53B /* Release */ = {
			isa = XCBuildConfiguration;
			buildSettings = {
				ALWAYS_SEARCH_USER_PATHS = NO;
				CLANG_ANALYZER_NONNULL = YES;
				CLANG_ANALYZER_NUMBER_OBJECT_CONVERSION = YES_AGGRESSIVE;
				CLANG_CXX_LANGUAGE_STANDARD = "gnu++14";
				CLANG_CXX_LIBRARY = "libc++";
				CLANG_ENABLE_MODULES = YES;
				CLANG_ENABLE_OBJC_ARC = YES;
				CLANG_ENABLE_OBJC_WEAK = YES;
				CLANG_WARN_BLOCK_CAPTURE_AUTORELEASING = YES;
				CLANG_WARN_BOOL_CONVERSION = YES;
				CLANG_WARN_COMMA = YES;
				CLANG_WARN_CONSTANT_CONVERSION = YES;
				CLANG_WARN_DEPRECATED_OBJC_IMPLEMENTATIONS = YES;
				CLANG_WARN_DIRECT_OBJC_ISA_USAGE = YES_ERROR;
				CLANG_WARN_DOCUMENTATION_COMMENTS = YES;
				CLANG_WARN_EMPTY_BODY = YES;
				CLANG_WARN_ENUM_CONVERSION = YES;
				CLANG_WARN_INFINITE_RECURSION = YES;
				CLANG_WARN_INT_CONVERSION = YES;
				CLANG_WARN_NON_LITERAL_NULL_CONVERSION = YES;
				CLANG_WARN_OBJC_IMPLICIT_RETAIN_SELF = YES;
				CLANG_WARN_OBJC_LITERAL_CONVERSION = YES;
				CLANG_WARN_OBJC_ROOT_CLASS = YES_ERROR;
				CLANG_WARN_RANGE_LOOP_ANALYSIS = YES;
				CLANG_WARN_STRICT_PROTOTYPES = YES;
				CLANG_WARN_SUSPICIOUS_MOVE = YES;
				CLANG_WARN_UNGUARDED_AVAILABILITY = YES_AGGRESSIVE;
				CLANG_WARN_UNREACHABLE_CODE = YES;
				CLANG_WARN__DUPLICATE_METHOD_MATCH = YES;
				COPY_PHASE_STRIP = NO;
				DEBUG_INFORMATION_FORMAT = "dwarf-with-dsym";
				ENABLE_NS_ASSERTIONS = NO;
				ENABLE_STRICT_OBJC_MSGSEND = YES;
				GCC_C_LANGUAGE_STANDARD = gnu11;
				GCC_NO_COMMON_BLOCKS = YES;
				GCC_WARN_64_TO_32_BIT_CONVERSION = YES;
				GCC_WARN_ABOUT_RETURN_TYPE = YES_ERROR;
				GCC_WARN_UNDECLARED_SELECTOR = YES;
				GCC_WARN_UNINITIALIZED_AUTOS = YES_AGGRESSIVE;
				GCC_WARN_UNUSED_FUNCTION = YES;
				GCC_WARN_UNUSED_VARIABLE = YES;
				IPHONEOS_DEPLOYMENT_TARGET = 13.0;
				MTL_ENABLE_DEBUG_INFO = NO;
				MTL_FAST_MATH = YES;
				SDKROOT = iphoneos;
				SWIFT_COMPILATION_MODE = wholemodule;
				SWIFT_OPTIMIZATION_LEVEL = "-O";
				VALIDATE_PRODUCT = YES;
			};
			name = Release;
		};
		0D4207BF22DE47770010A53B /* Debug */ = {
			isa = XCBuildConfiguration;
			buildSettings = {
				ASSETCATALOG_COMPILER_APPICON_NAME = AppIcon;
				CODE_SIGN_ENTITLEMENTS = yacpa/yacpa.entitlements;
				CODE_SIGN_STYLE = Automatic;
				DERIVE_MACCATALYST_PRODUCT_BUNDLE_IDENTIFIER = YES;
				DEVELOPMENT_ASSET_PATHS = "yacpa/Preview\\ Content";
				DEVELOPMENT_TEAM = AUXUTTBC4T;
				ENABLE_PREVIEWS = YES;
				INFOPLIST_FILE = yacpa/Info.plist;
				LD_RUNPATH_SEARCH_PATHS = (
					"$(inherited)",
					"@executable_path/Frameworks",
				);
				PRODUCT_BUNDLE_IDENTIFIER = com.pushleaf.yacpa;
				PRODUCT_NAME = "$(TARGET_NAME)";
				SUPPORTS_MACCATALYST = YES;
				SWIFT_VERSION = 5.0;
				TARGETED_DEVICE_FAMILY = "1,2";
			};
			name = Debug;
		};
		0D4207C022DE47770010A53B /* Release */ = {
			isa = XCBuildConfiguration;
			buildSettings = {
				ASSETCATALOG_COMPILER_APPICON_NAME = AppIcon;
				CODE_SIGN_ENTITLEMENTS = yacpa/yacpa.entitlements;
				CODE_SIGN_STYLE = Automatic;
				DERIVE_MACCATALYST_PRODUCT_BUNDLE_IDENTIFIER = YES;
				DEVELOPMENT_ASSET_PATHS = "yacpa/Preview\\ Content";
				DEVELOPMENT_TEAM = AUXUTTBC4T;
				ENABLE_PREVIEWS = YES;
				INFOPLIST_FILE = yacpa/Info.plist;
				LD_RUNPATH_SEARCH_PATHS = (
					"$(inherited)",
					"@executable_path/Frameworks",
				);
				PRODUCT_BUNDLE_IDENTIFIER = com.pushleaf.yacpa;
				PRODUCT_NAME = "$(TARGET_NAME)";
				SUPPORTS_MACCATALYST = YES;
				SWIFT_VERSION = 5.0;
				TARGETED_DEVICE_FAMILY = "1,2";
			};
			name = Release;
		};
		0D4207C222DE47770010A53B /* Debug */ = {
			isa = XCBuildConfiguration;
			buildSettings = {
				ALWAYS_EMBED_SWIFT_STANDARD_LIBRARIES = YES;
				BUNDLE_LOADER = "$(TEST_HOST)";
				CODE_SIGN_STYLE = Automatic;
				DEVELOPMENT_TEAM = AUXUTTBC4T;
				INFOPLIST_FILE = yacpaTests/Info.plist;
				LD_RUNPATH_SEARCH_PATHS = (
					"$(inherited)",
					"@executable_path/Frameworks",
					"@loader_path/Frameworks",
				);
				PRODUCT_BUNDLE_IDENTIFIER = com.pushleaf.yacpaTests;
				PRODUCT_NAME = "$(TARGET_NAME)";
				SWIFT_VERSION = 5.0;
				TARGETED_DEVICE_FAMILY = "1,2";
				TEST_HOST = "$(BUILT_PRODUCTS_DIR)/yacpa.app/yacpa";
			};
			name = Debug;
		};
		0D4207C322DE47770010A53B /* Release */ = {
			isa = XCBuildConfiguration;
			buildSettings = {
				ALWAYS_EMBED_SWIFT_STANDARD_LIBRARIES = YES;
				BUNDLE_LOADER = "$(TEST_HOST)";
				CODE_SIGN_STYLE = Automatic;
				DEVELOPMENT_TEAM = AUXUTTBC4T;
				INFOPLIST_FILE = yacpaTests/Info.plist;
				LD_RUNPATH_SEARCH_PATHS = (
					"$(inherited)",
					"@executable_path/Frameworks",
					"@loader_path/Frameworks",
				);
				PRODUCT_BUNDLE_IDENTIFIER = com.pushleaf.yacpaTests;
				PRODUCT_NAME = "$(TARGET_NAME)";
				SWIFT_VERSION = 5.0;
				TARGETED_DEVICE_FAMILY = "1,2";
				TEST_HOST = "$(BUILT_PRODUCTS_DIR)/yacpa.app/yacpa";
			};
			name = Release;
		};
		0D4207C522DE47770010A53B /* Debug */ = {
			isa = XCBuildConfiguration;
			buildSettings = {
				ALWAYS_EMBED_SWIFT_STANDARD_LIBRARIES = YES;
				CODE_SIGN_STYLE = Automatic;
				DEVELOPMENT_TEAM = AUXUTTBC4T;
				INFOPLIST_FILE = yacpaUITests/Info.plist;
				LD_RUNPATH_SEARCH_PATHS = (
					"$(inherited)",
					"@executable_path/Frameworks",
					"@loader_path/Frameworks",
				);
				PRODUCT_BUNDLE_IDENTIFIER = com.pushleaf.yacpaUITests;
				PRODUCT_NAME = "$(TARGET_NAME)";
				SWIFT_VERSION = 5.0;
				TARGETED_DEVICE_FAMILY = "1,2";
				TEST_TARGET_NAME = yacpa;
			};
			name = Debug;
		};
		0D4207C622DE47770010A53B /* Release */ = {
			isa = XCBuildConfiguration;
			buildSettings = {
				ALWAYS_EMBED_SWIFT_STANDARD_LIBRARIES = YES;
				CODE_SIGN_STYLE = Automatic;
				DEVELOPMENT_TEAM = AUXUTTBC4T;
				INFOPLIST_FILE = yacpaUITests/Info.plist;
				LD_RUNPATH_SEARCH_PATHS = (
					"$(inherited)",
					"@executable_path/Frameworks",
					"@loader_path/Frameworks",
				);
				PRODUCT_BUNDLE_IDENTIFIER = com.pushleaf.yacpaUITests;
				PRODUCT_NAME = "$(TARGET_NAME)";
				SWIFT_VERSION = 5.0;
				TARGETED_DEVICE_FAMILY = "1,2";
				TEST_TARGET_NAME = yacpa;
			};
			name = Release;
		};
/* End XCBuildConfiguration section */

/* Begin XCConfigurationList section */
		0D42078F22DE47730010A53B /* Build configuration list for PBXProject "yacpa" */ = {
			isa = XCConfigurationList;
			buildConfigurations = (
				0D4207BC22DE47770010A53B /* Debug */,
				0D4207BD22DE47770010A53B /* Release */,
			);
			defaultConfigurationIsVisible = 0;
			defaultConfigurationName = Release;
		};
		0D4207BE22DE47770010A53B /* Build configuration list for PBXNativeTarget "yacpa" */ = {
			isa = XCConfigurationList;
			buildConfigurations = (
				0D4207BF22DE47770010A53B /* Debug */,
				0D4207C022DE47770010A53B /* Release */,
			);
			defaultConfigurationIsVisible = 0;
			defaultConfigurationName = Release;
		};
		0D4207C122DE47770010A53B /* Build configuration list for PBXNativeTarget "yacpaTests" */ = {
			isa = XCConfigurationList;
			buildConfigurations = (
				0D4207C222DE47770010A53B /* Debug */,
				0D4207C322DE47770010A53B /* Release */,
			);
			defaultConfigurationIsVisible = 0;
			defaultConfigurationName = Release;
		};
		0D4207C422DE47770010A53B /* Build configuration list for PBXNativeTarget "yacpaUITests" */ = {
			isa = XCConfigurationList;
			buildConfigurations = (
				0D4207C522DE47770010A53B /* Debug */,
				0D4207C622DE47770010A53B /* Release */,
			);
			defaultConfigurationIsVisible = 0;
			defaultConfigurationName = Release;
		};
/* End XCConfigurationList section */

/* Begin XCRemoteSwiftPackageReference section */
		0D4207C722DE48ED0010A53B /* XCRemoteSwiftPackageReference "Quick" */ = {
			isa = XCRemoteSwiftPackageReference;
			repositoryURL = "git@github.com:Quick/Quick.git";
			requirement = {
				kind = upToNextMajorVersion;
				minimumVersion = 2.1.0;
			};
		};
		0DBABFDA22E12D6F0024BB6C /* XCRemoteSwiftPackageReference "Alamofire" */ = {
			isa = XCRemoteSwiftPackageReference;
			repositoryURL = "git@github.com:Alamofire/Alamofire.git";
			requirement = {
				branch = "5.0.0-beta.6";
				kind = branch;
			};
		};
		0DBABFE322E138420024BB6C /* XCRemoteSwiftPackageReference "Nimble" */ = {
			isa = XCRemoteSwiftPackageReference;
			repositoryURL = "git@github.com:Quick/Nimble.git";
			requirement = {
				kind = upToNextMajorVersion;
				minimumVersion = 8.0.2;
			};
		};
/* End XCRemoteSwiftPackageReference section */

/* Begin XCSwiftPackageProductDependency section */
		0D4207C822DE48EE0010A53B /* Quick */ = {
			isa = XCSwiftPackageProductDependency;
			package = 0D4207C722DE48ED0010A53B /* XCRemoteSwiftPackageReference "Quick" */;
			productName = Quick;
		};
		0DBABFE422E138420024BB6C /* Nimble */ = {
			isa = XCSwiftPackageProductDependency;
			package = 0DBABFE322E138420024BB6C /* XCRemoteSwiftPackageReference "Nimble" */;
			productName = Nimble;
		};
/* End XCSwiftPackageProductDependency section */
	};
	rootObject = 0D42078C22DE47730010A53B /* Project object */;
}
